
Microsoft Visual Studio Solution File, Format Version 12.00
# Visual Studio Version 17
VisualStudioVersion = 17.8.34330.188
MinimumVisualStudioVersion = 10.0.40219.1
Project("{8BC9CEB8-8B4A-11D0-8D11-00A0C91BC942}") = "Adapter", "Adapter\Adapter.vcxproj", "{EEEF771D-6466-44C8-BC32-89B353ABFDC6}"
EndProject
Global
	GlobalSection(SolutionConfigurationPlatforms) = preSolution
		Debug|x64 = Debug|x64
		Debug|x86 = Debug|x86
		Release|x64 = Release|x64
		Release|x86 = Release|x86
	EndGlobalSection
	GlobalSection(ProjectConfigurationPlatforms) = postSolution
		{EEEF771D-6466-44C8-BC32-89B353ABFDC6}.Debug|x64.ActiveCfg = Debug|x64
		{EEEF771D-6466-44C8-BC32-89B353ABFDC6}.Debug|x64.Build.0 = Debug|x64
		{EEEF771D-6466-44C8-BC32-89B353ABFDC6}.Debug|x86.ActiveCfg = Debug|Win32
		{EEEF771D-6466-44C8-BC32-89B353ABFDC6}.Debug|x86.Build.0 = Debug|Win32
		{EEEF771D-6466-44C8-BC32-89B353ABFDC6}.Release|x64.ActiveCfg = Release|x64
		{EEEF771D-6466-44C8-BC32-89B353ABFDC6}.Release|x64.Build.0 = Release|x64
		{EEEF771D-6466-44C8-BC32-89B353ABFDC6}.Release|x86.ActiveCfg = Release|Win32
		{EEEF771D-6466-44C8-BC32-89B353ABFDC6}.Release|x86.Build.0 = Release|Win32
	EndGlobalSection
	GlobalSection(SolutionProperties) = preSolution
		HideSolutionNode = FALSE
	EndGlobalSection
	GlobalSection(ExtensibilityGlobals) = postSolution
		SolutionGuid = {DF3EECD2-3D9D-4B11-8A8C-6FA9D921729B}
	EndGlobalSection
EndGlobal
